
Microsoft Visual Studio Solution File, Format Version 12.00
# Visual Studio Version 16
VisualStudioVersion = 16.0.31624.102
MinimumVisualStudioVersion = 10.0.40219.1
Project("{9A19103F-16F7-4668-BE54-9A1E7A4F7556}") = "Mall.UserService", "Mall.UserService\Mall.UserService.csproj", "{17E2E4F5-2BEE-42A9-9808-F444BE033376}"
EndProject
Project("{2150E333-8FDC-42A3-9474-1A3956D46DE8}") = "api", "api", "{EA25AC27-705F-4C53-962E-381E65AEA5E9}"
EndProject
Project("{2150E333-8FDC-42A3-9474-1A3956D46DE8}") = "domain", "domain", "{BE7061EF-0C77-4784-B4DB-ED9F2DB4EA0A}"
EndProject
Project("{2150E333-8FDC-42A3-9474-1A3956D46DE8}") = "infrastructure", "infrastructure", "{D64A437F-7422-45B2-85DE-2F9F2D7500F2}"
EndProject
Project("{9A19103F-16F7-4668-BE54-9A1E7A4F7556}") = "Mall.Common", "Mall.Common\Mall.Common.csproj", "{E5D925A4-F59D-49CB-867A-8BD8C7D93845}"
EndProject
Project("{9A19103F-16F7-4668-BE54-9A1E7A4F7556}") = "Mall.Core", "Mall.Core\Mall.Core.csproj", "{9CA948B3-A0C3-4589-B1E6-0411C33B0180}"
EndProject
Project("{2150E333-8FDC-42A3-9474-1A3956D46DE8}") = "apigetway", "apigetway", "{2A98A242-E72F-4A9D-9615-04658D08683D}"
EndProject
Project("{9A19103F-16F7-4668-BE54-9A1E7A4F7556}") = "Mall.Service", "Mall.Service\Mall.Service.csproj", "{4EDA0483-8AD1-468C-839E-7BE40A01EEDA}"
EndProject
Project("{2150E333-8FDC-42A3-9474-1A3956D46DE8}") = "test", "test", "{80255CF7-6CF9-4F17-A4AC-FFE8005E425E}"
EndProject
Project("{FAE04EC0-301F-11D3-BF4B-00C04F79EFBC}") = "Mall.Model", "Mall.Model\Mall.Model.csproj", "{0B80C1E9-101F-40BC-B2F7-F5CDD477AEB6}"
EndProject
Project("{FAE04EC0-301F-11D3-BF4B-00C04F79EFBC}") = "Mall.Test", "Mall.Test\Mall.Test.csproj", "{5439C7E9-CB8F-45A7-A8D8-A323221E5841}"
EndProject
Project("{FAE04EC0-301F-11D3-BF4B-00C04F79EFBC}") = "Mall.Interface", "Mall.Interface\Mall.Interface.csproj", "{E857D640-5495-4E86-8904-6A5AC53A1EF5}"
EndProject
Project("{2150E333-8FDC-42A3-9474-1A3956D46DE8}") = "client", "client", "{5E0C0427-41DD-4794-8FE0-5ACB531539D4}"
EndProject
Project("{FAE04EC0-301F-11D3-BF4B-00C04F79EFBC}") = "Mall.Portal", "Mall.Portal\Mall.Portal.csproj", "{9EEDAAEB-B6EA-46A7-83CF-E921CCA847CD}"
EndProject
Project("{FAE04EC0-301F-11D3-BF4B-00C04F79EFBC}") = "Mall.Hubs", "Mall.Hubs\Mall.Hubs.csproj", "{7C79277A-5973-43CA-8E17-460E2C384CB9}"
EndProject
Global
	GlobalSection(SolutionConfigurationPlatforms) = preSolution
		Debug|Any CPU = Debug|Any CPU
		Release|Any CPU = Release|Any CPU
	EndGlobalSection
	GlobalSection(ProjectConfigurationPlatforms) = postSolution
		{17E2E4F5-2BEE-42A9-9808-F444BE033376}.Debug|Any CPU.ActiveCfg = Debug|Any CPU
		{17E2E4F5-2BEE-42A9-9808-F444BE033376}.Debug|Any CPU.Build.0 = Debug|Any CPU
		{17E2E4F5-2BEE-42A9-9808-F444BE033376}.Release|Any CPU.ActiveCfg = Release|Any CPU
		{17E2E4F5-2BEE-42A9-9808-F444BE033376}.Release|Any CPU.Build.0 = Release|Any CPU
		{E5D925A4-F59D-49CB-867A-8BD8C7D93845}.Debug|Any CPU.ActiveCfg = Debug|Any CPU
		{E5D925A4-F59D-49CB-867A-8BD8C7D93845}.Debug|Any CPU.Build.0 = Debug|Any CPU
		{E5D925A4-F59D-49CB-867A-8BD8C7D93845}.Release|Any CPU.ActiveCfg = Release|Any CPU
		{E5D925A4-F59D-49CB-867A-8BD8C7D93845}.Release|Any CPU.Build.0 = Release|Any CPU
		{9CA948B3-A0C3-4589-B1E6-0411C33B0180}.Debug|Any CPU.ActiveCfg = Debug|Any CPU
		{9CA948B3-A0C3-4589-B1E6-0411C33B0180}.Debug|Any CPU.Build.0 = Debug|Any CPU
		{9CA948B3-A0C3-4589-B1E6-0411C33B0180}.Release|Any CPU.ActiveCfg = Release|Any CPU
		{9CA948B3-A0C3-4589-B1E6-0411C33B0180}.Release|Any CPU.Build.0 = Release|Any CPU
		{4EDA0483-8AD1-468C-839E-7BE40A01EEDA}.Debug|Any CPU.ActiveCfg = Debug|Any CPU
		{4EDA0483-8AD1-468C-839E-7BE40A01EEDA}.Debug|Any CPU.Build.0 = Debug|Any CPU
		{4EDA0483-8AD1-468C-839E-7BE40A01EEDA}.Release|Any CPU.ActiveCfg = Release|Any CPU
		{4EDA0483-8AD1-468C-839E-7BE40A01EEDA}.Release|Any CPU.Build.0 = Release|Any CPU
		{0B80C1E9-101F-40BC-B2F7-F5CDD477AEB6}.Debug|Any CPU.ActiveCfg = Debug|Any CPU
		{0B80C1E9-101F-40BC-B2F7-F5CDD477AEB6}.Debug|Any CPU.Build.0 = Debug|Any CPU
		{0B80C1E9-101F-40BC-B2F7-F5CDD477AEB6}.Release|Any CPU.ActiveCfg = Release|Any CPU
		{0B80C1E9-101F-40BC-B2F7-F5CDD477AEB6}.Release|Any CPU.Build.0 = Release|Any CPU
		{5439C7E9-CB8F-45A7-A8D8-A323221E5841}.Debug|Any CPU.ActiveCfg = Debug|Any CPU
		{5439C7E9-CB8F-45A7-A8D8-A323221E5841}.Debug|Any CPU.Build.0 = Debug|Any CPU
		{5439C7E9-CB8F-45A7-A8D8-A323221E5841}.Release|Any CPU.ActiveCfg = Release|Any CPU
		{5439C7E9-CB8F-45A7-A8D8-A323221E5841}.Release|Any CPU.Build.0 = Release|Any CPU
		{E857D640-5495-4E86-8904-6A5AC53A1EF5}.Debug|Any CPU.ActiveCfg = Debug|Any CPU
		{E857D640-5495-4E86-8904-6A5AC53A1EF5}.Debug|Any CPU.Build.0 = Debug|Any CPU
		{E857D640-5495-4E86-8904-6A5AC53A1EF5}.Release|Any CPU.ActiveCfg = Release|Any CPU
		{E857D640-5495-4E86-8904-6A5AC53A1EF5}.Release|Any CPU.Build.0 = Release|Any CPU
		{9EEDAAEB-B6EA-46A7-83CF-E921CCA847CD}.Debug|Any CPU.ActiveCfg = Debug|Any CPU
		{9EEDAAEB-B6EA-46A7-83CF-E921CCA847CD}.Debug|Any CPU.Build.0 = Debug|Any CPU
		{9EEDAAEB-B6EA-46A7-83CF-E921CCA847CD}.Release|Any CPU.ActiveCfg = Release|Any CPU
		{9EEDAAEB-B6EA-46A7-83CF-E921CCA847CD}.Release|Any CPU.Build.0 = Release|Any CPU
		{7C79277A-5973-43CA-8E17-460E2C384CB9}.Debug|Any CPU.ActiveCfg = Debug|Any CPU
		{7C79277A-5973-43CA-8E17-460E2C384CB9}.Debug|Any CPU.Build.0 = Debug|Any CPU
		{7C79277A-5973-43CA-8E17-460E2C384CB9}.Release|Any CPU.ActiveCfg = Release|Any CPU
		{7C79277A-5973-43CA-8E17-460E2C384CB9}.Release|Any CPU.Build.0 = Release|Any CPU
	EndGlobalSection
	GlobalSection(SolutionProperties) = preSolution
		HideSolutionNode = FALSE
	EndGlobalSection
	GlobalSection(NestedProjects) = preSolution
		{17E2E4F5-2BEE-42A9-9808-F444BE033376} = {EA25AC27-705F-4C53-962E-381E65AEA5E9}
		{E5D925A4-F59D-49CB-867A-8BD8C7D93845} = {D64A437F-7422-45B2-85DE-2F9F2D7500F2}
		{9CA948B3-A0C3-4589-B1E6-0411C33B0180} = {D64A437F-7422-45B2-85DE-2F9F2D7500F2}
		{4EDA0483-8AD1-468C-839E-7BE40A01EEDA} = {BE7061EF-0C77-4784-B4DB-ED9F2DB4EA0A}
		{0B80C1E9-101F-40BC-B2F7-F5CDD477AEB6} = {BE7061EF-0C77-4784-B4DB-ED9F2DB4EA0A}
		{5439C7E9-CB8F-45A7-A8D8-A323221E5841} = {80255CF7-6CF9-4F17-A4AC-FFE8005E425E}
		{E857D640-5495-4E86-8904-6A5AC53A1EF5} = {BE7061EF-0C77-4784-B4DB-ED9F2DB4EA0A}
		{9EEDAAEB-B6EA-46A7-83CF-E921CCA847CD} = {5E0C0427-41DD-4794-8FE0-5ACB531539D4}
		{7C79277A-5973-43CA-8E17-460E2C384CB9} = {EA25AC27-705F-4C53-962E-381E65AEA5E9}
	EndGlobalSection
	GlobalSection(ExtensibilityGlobals) = postSolution
		SolutionGuid = {8B737E1E-47A8-4682-BC77-F2A2485E2052}
	EndGlobalSection
EndGlobal
