
Microsoft Visual Studio Solution File, Format Version 12.00
# Visual Studio Version 17
VisualStudioVersion = 17.0.31912.275
MinimumVisualStudioVersion = 10.0.40219.1
Project("{2150E333-8FDC-42A3-9474-1A3956D46DE8}") = "api", "api", "{EA25AC27-705F-4C53-962E-381E65AEA5E9}"
EndProject
Project("{2150E333-8FDC-42A3-9474-1A3956D46DE8}") = "domain", "domain", "{BE7061EF-0C77-4784-B4DB-ED9F2DB4EA0A}"
EndProject
Project("{2150E333-8FDC-42A3-9474-1A3956D46DE8}") = "infrastructure", "infrastructure", "{D64A437F-7422-45B2-85DE-2F9F2D7500F2}"
EndProject
Project("{9A19103F-16F7-4668-BE54-9A1E7A4F7556}") = "Mall.Common", "Mall.Common\Mall.Common.csproj", "{E5D925A4-F59D-49CB-867A-8BD8C7D93845}"
EndProject
Project("{9A19103F-16F7-4668-BE54-9A1E7A4F7556}") = "Mall.Core", "Mall.Core\Mall.Core.csproj", "{9CA948B3-A0C3-4589-B1E6-0411C33B0180}"
EndProject
Project("{2150E333-8FDC-42A3-9474-1A3956D46DE8}") = "apigetway", "apigetway", "{2A98A242-E72F-4A9D-9615-04658D08683D}"
EndProject
Project("{9A19103F-16F7-4668-BE54-9A1E7A4F7556}") = "Mall.Service", "Mall.Service\Mall.Service.csproj", "{4EDA0483-8AD1-468C-839E-7BE40A01EEDA}"
EndProject
Project("{2150E333-8FDC-42A3-9474-1A3956D46DE8}") = "test", "test", "{80255CF7-6CF9-4F17-A4AC-FFE8005E425E}"
EndProject
Project("{9A19103F-16F7-4668-BE54-9A1E7A4F7556}") = "Mall.Model", "Mall.Model\Mall.Model.csproj", "{0B80C1E9-101F-40BC-B2F7-F5CDD477AEB6}"
EndProject
Project("{9A19103F-16F7-4668-BE54-9A1E7A4F7556}") = "Mall.Test", "Mall.Test\Mall.Test.csproj", "{5439C7E9-CB8F-45A7-A8D8-A323221E5841}"
EndProject
Project("{9A19103F-16F7-4668-BE54-9A1E7A4F7556}") = "Mall.Interface", "Mall.Interface\Mall.Interface.csproj", "{E857D640-5495-4E86-8904-6A5AC53A1EF5}"
EndProject
Project("{2150E333-8FDC-42A3-9474-1A3956D46DE8}") = "client", "client", "{5E0C0427-41DD-4794-8FE0-5ACB531539D4}"
EndProject
Project("{9A19103F-16F7-4668-BE54-9A1E7A4F7556}") = "Mall.OpenApi", "Mall.OpenApi\Mall.OpenApi.csproj", "{9FA8FD71-DC61-4C5C-B002-830BC3CD4973}"
EndProject
Project("{9A19103F-16F7-4668-BE54-9A1E7A4F7556}") = "Mall.WebCore", "Mall.WebCore\Mall.WebCore.csproj", "{3153EE4A-1FA7-49C7-B9EA-7EA7A1AFD42A}"
EndProject
Project("{9A19103F-16F7-4668-BE54-9A1E7A4F7556}") = "Mall.OcelotGateway", "Mall.OcelotGateway\Mall.OcelotGateway.csproj", "{F0DBAB7A-BF21-4B13-AA1A-61A928BEADFF}"
EndProject
Project("{9A19103F-16F7-4668-BE54-9A1E7A4F7556}") = "Mall.AminApi", "Mall.AminApi\Mall.AminApi.csproj", "{748AC2FE-BC04-4967-97E8-8E68C9969250}"
EndProject
Project("{9A19103F-16F7-4668-BE54-9A1E7A4F7556}") = "Mall.UserMicroservice", "Mall.UserMicroservice\Mall.UserMicroservice.csproj", "{29843D6D-BB9D-488E-B5E2-AFA8E66FBC83}"
EndProject
Project("{9A19103F-16F7-4668-BE54-9A1E7A4F7556}") = "Mall.CartMicroservice", "Mall.CartMicroservice\Mall.CartMicroservice.csproj", "{B6F70932-2980-47A7-92CB-5BAC696B54C1}"
EndProject
Project("{9A19103F-16F7-4668-BE54-9A1E7A4F7556}") = "Mall.OrderMicroservice", "Mall.OrderMicroservice\Mall.OrderMicroservice.csproj", "{DCCFB1D4-CAA4-48A2-B143-F9E49B704BB7}"
EndProject
Project("{2150E333-8FDC-42A3-9474-1A3956D46DE8}") = "Application", "Application", "{ADD67266-570F-4A8B-A68B-AB7631E2C2A3}"
EndProject
Global
	GlobalSection(SolutionConfigurationPlatforms) = preSolution
		Debug|Any CPU = Debug|Any CPU
		Release|Any CPU = Release|Any CPU
	EndGlobalSection
	GlobalSection(ProjectConfigurationPlatforms) = postSolution
		{E5D925A4-F59D-49CB-867A-8BD8C7D93845}.Debug|Any CPU.ActiveCfg = Debug|Any CPU
		{E5D925A4-F59D-49CB-867A-8BD8C7D93845}.Debug|Any CPU.Build.0 = Debug|Any CPU
		{E5D925A4-F59D-49CB-867A-8BD8C7D93845}.Release|Any CPU.ActiveCfg = Release|Any CPU
		{E5D925A4-F59D-49CB-867A-8BD8C7D93845}.Release|Any CPU.Build.0 = Release|Any CPU
		{9CA948B3-A0C3-4589-B1E6-0411C33B0180}.Debug|Any CPU.ActiveCfg = Debug|Any CPU
		{9CA948B3-A0C3-4589-B1E6-0411C33B0180}.Debug|Any CPU.Build.0 = Debug|Any CPU
		{9CA948B3-A0C3-4589-B1E6-0411C33B0180}.Release|Any CPU.ActiveCfg = Release|Any CPU
		{9CA948B3-A0C3-4589-B1E6-0411C33B0180}.Release|Any CPU.Build.0 = Release|Any CPU
		{4EDA0483-8AD1-468C-839E-7BE40A01EEDA}.Debug|Any CPU.ActiveCfg = Debug|Any CPU
		{4EDA0483-8AD1-468C-839E-7BE40A01EEDA}.Debug|Any CPU.Build.0 = Debug|Any CPU
		{4EDA0483-8AD1-468C-839E-7BE40A01EEDA}.Release|Any CPU.ActiveCfg = Release|Any CPU
		{4EDA0483-8AD1-468C-839E-7BE40A01EEDA}.Release|Any CPU.Build.0 = Release|Any CPU
		{0B80C1E9-101F-40BC-B2F7-F5CDD477AEB6}.Debug|Any CPU.ActiveCfg = Debug|Any CPU
		{0B80C1E9-101F-40BC-B2F7-F5CDD477AEB6}.Debug|Any CPU.Build.0 = Debug|Any CPU
		{0B80C1E9-101F-40BC-B2F7-F5CDD477AEB6}.Release|Any CPU.ActiveCfg = Release|Any CPU
		{0B80C1E9-101F-40BC-B2F7-F5CDD477AEB6}.Release|Any CPU.Build.0 = Release|Any CPU
		{5439C7E9-CB8F-45A7-A8D8-A323221E5841}.Debug|Any CPU.ActiveCfg = Debug|Any CPU
		{5439C7E9-CB8F-45A7-A8D8-A323221E5841}.Debug|Any CPU.Build.0 = Debug|Any CPU
		{5439C7E9-CB8F-45A7-A8D8-A323221E5841}.Release|Any CPU.ActiveCfg = Release|Any CPU
		{5439C7E9-CB8F-45A7-A8D8-A323221E5841}.Release|Any CPU.Build.0 = Release|Any CPU
		{E857D640-5495-4E86-8904-6A5AC53A1EF5}.Debug|Any CPU.ActiveCfg = Debug|Any CPU
		{E857D640-5495-4E86-8904-6A5AC53A1EF5}.Debug|Any CPU.Build.0 = Debug|Any CPU
		{E857D640-5495-4E86-8904-6A5AC53A1EF5}.Release|Any CPU.ActiveCfg = Release|Any CPU
		{E857D640-5495-4E86-8904-6A5AC53A1EF5}.Release|Any CPU.Build.0 = Release|Any CPU
		{9FA8FD71-DC61-4C5C-B002-830BC3CD4973}.Debug|Any CPU.ActiveCfg = Debug|Any CPU
		{9FA8FD71-DC61-4C5C-B002-830BC3CD4973}.Debug|Any CPU.Build.0 = Debug|Any CPU
		{9FA8FD71-DC61-4C5C-B002-830BC3CD4973}.Release|Any CPU.ActiveCfg = Release|Any CPU
		{9FA8FD71-DC61-4C5C-B002-830BC3CD4973}.Release|Any CPU.Build.0 = Release|Any CPU
		{3153EE4A-1FA7-49C7-B9EA-7EA7A1AFD42A}.Debug|Any CPU.ActiveCfg = Debug|Any CPU
		{3153EE4A-1FA7-49C7-B9EA-7EA7A1AFD42A}.Debug|Any CPU.Build.0 = Debug|Any CPU
		{3153EE4A-1FA7-49C7-B9EA-7EA7A1AFD42A}.Release|Any CPU.ActiveCfg = Release|Any CPU
		{3153EE4A-1FA7-49C7-B9EA-7EA7A1AFD42A}.Release|Any CPU.Build.0 = Release|Any CPU
		{F0DBAB7A-BF21-4B13-AA1A-61A928BEADFF}.Debug|Any CPU.ActiveCfg = Debug|Any CPU
		{F0DBAB7A-BF21-4B13-AA1A-61A928BEADFF}.Debug|Any CPU.Build.0 = Debug|Any CPU
		{F0DBAB7A-BF21-4B13-AA1A-61A928BEADFF}.Release|Any CPU.ActiveCfg = Release|Any CPU
		{F0DBAB7A-BF21-4B13-AA1A-61A928BEADFF}.Release|Any CPU.Build.0 = Release|Any CPU
		{748AC2FE-BC04-4967-97E8-8E68C9969250}.Debug|Any CPU.ActiveCfg = Debug|Any CPU
		{748AC2FE-BC04-4967-97E8-8E68C9969250}.Debug|Any CPU.Build.0 = Debug|Any CPU
		{748AC2FE-BC04-4967-97E8-8E68C9969250}.Release|Any CPU.ActiveCfg = Release|Any CPU
		{748AC2FE-BC04-4967-97E8-8E68C9969250}.Release|Any CPU.Build.0 = Release|Any CPU
		{29843D6D-BB9D-488E-B5E2-AFA8E66FBC83}.Debug|Any CPU.ActiveCfg = Debug|Any CPU
		{29843D6D-BB9D-488E-B5E2-AFA8E66FBC83}.Debug|Any CPU.Build.0 = Debug|Any CPU
		{29843D6D-BB9D-488E-B5E2-AFA8E66FBC83}.Release|Any CPU.ActiveCfg = Release|Any CPU
		{29843D6D-BB9D-488E-B5E2-AFA8E66FBC83}.Release|Any CPU.Build.0 = Release|Any CPU
		{B6F70932-2980-47A7-92CB-5BAC696B54C1}.Debug|Any CPU.ActiveCfg = Debug|Any CPU
		{B6F70932-2980-47A7-92CB-5BAC696B54C1}.Debug|Any CPU.Build.0 = Debug|Any CPU
		{B6F70932-2980-47A7-92CB-5BAC696B54C1}.Release|Any CPU.ActiveCfg = Release|Any CPU
		{B6F70932-2980-47A7-92CB-5BAC696B54C1}.Release|Any CPU.Build.0 = Release|Any CPU
		{DCCFB1D4-CAA4-48A2-B143-F9E49B704BB7}.Debug|Any CPU.ActiveCfg = Debug|Any CPU
		{DCCFB1D4-CAA4-48A2-B143-F9E49B704BB7}.Debug|Any CPU.Build.0 = Debug|Any CPU
		{DCCFB1D4-CAA4-48A2-B143-F9E49B704BB7}.Release|Any CPU.ActiveCfg = Release|Any CPU
		{DCCFB1D4-CAA4-48A2-B143-F9E49B704BB7}.Release|Any CPU.Build.0 = Release|Any CPU
	EndGlobalSection
	GlobalSection(SolutionProperties) = preSolution
		HideSolutionNode = FALSE
	EndGlobalSection
	GlobalSection(NestedProjects) = preSolution
		{E5D925A4-F59D-49CB-867A-8BD8C7D93845} = {D64A437F-7422-45B2-85DE-2F9F2D7500F2}
		{9CA948B3-A0C3-4589-B1E6-0411C33B0180} = {D64A437F-7422-45B2-85DE-2F9F2D7500F2}
		{4EDA0483-8AD1-468C-839E-7BE40A01EEDA} = {BE7061EF-0C77-4784-B4DB-ED9F2DB4EA0A}
		{0B80C1E9-101F-40BC-B2F7-F5CDD477AEB6} = {BE7061EF-0C77-4784-B4DB-ED9F2DB4EA0A}
		{5439C7E9-CB8F-45A7-A8D8-A323221E5841} = {80255CF7-6CF9-4F17-A4AC-FFE8005E425E}
		{E857D640-5495-4E86-8904-6A5AC53A1EF5} = {BE7061EF-0C77-4784-B4DB-ED9F2DB4EA0A}
		{9FA8FD71-DC61-4C5C-B002-830BC3CD4973} = {EA25AC27-705F-4C53-962E-381E65AEA5E9}
		{3153EE4A-1FA7-49C7-B9EA-7EA7A1AFD42A} = {D64A437F-7422-45B2-85DE-2F9F2D7500F2}
		{F0DBAB7A-BF21-4B13-AA1A-61A928BEADFF} = {2A98A242-E72F-4A9D-9615-04658D08683D}
		{748AC2FE-BC04-4967-97E8-8E68C9969250} = {EA25AC27-705F-4C53-962E-381E65AEA5E9}
		{29843D6D-BB9D-488E-B5E2-AFA8E66FBC83} = {EA25AC27-705F-4C53-962E-381E65AEA5E9}
		{B6F70932-2980-47A7-92CB-5BAC696B54C1} = {EA25AC27-705F-4C53-962E-381E65AEA5E9}
		{DCCFB1D4-CAA4-48A2-B143-F9E49B704BB7} = {EA25AC27-705F-4C53-962E-381E65AEA5E9}
	EndGlobalSection
	GlobalSection(ExtensibilityGlobals) = postSolution
		SolutionGuid = {8B737E1E-47A8-4682-BC77-F2A2485E2052}
	EndGlobalSection
EndGlobal
